PODS:
  - Expecta (0.3.0)
  - OCMock (2.2.4)
  - OHHTTPStubs (3.1.2)
  - Specta (0.2.1)

DEPENDENCIES:
  - Expecta
  - OCMock
  - OHHTTPStubs
  - Specta

SPEC CHECKSUMS:
  Expecta: ce8a51b9fad15a2cd573b291cb2909aaed865350
  OCMock: 6db79185520e24f9f299548f2b8b07e41d881bd5
  OHHTTPStubs: c1c2007839687eaf9b80f061ce84440515080ebb
  Specta: 9141310f46b1f68b676650ff2854e1ed0b74163a

COCOAPODS: 0.33.1
