PODS:
  - AFNetworking (2.2.4):
    - AFNetworking/NSURLConnection
    - AFNetworking/NSURLSession
    - AFNetworking/Reachability
    - AFNetworking/Security
    - AFNetworking/Serialization
    - AFNetworking/UIKit
  - AFNetworking/NSURLConnection (2.2.4):
    - AFNetworking/Reachability
    - AFNetworking/Security
    - AFNetworking/Serialization
  - AFNetworking/NSURLSession (2.2.4):
    - AFNetworking/NSURLConnection
  - AFNetworking/Reachability (2.2.4)
  - AFNetworking/Security (2.2.4)
  - AFNetworking/Serialization (2.2.4)
  - AFNetworking/UIKit (2.2.4):
    - AFNetworking/NSURLConnection
    - AFNetworking/NSURLSession
  - Expecta (0.3.0)
  - Mantle (1.5):
    - Mantle/extobjc
  - Mantle/extobjc (1.5)
  - NSDate-Time-Ago (1.0)
  - OCMock (2.2.4)
  - OHHTTPStubs (3.1.2)
  - Specta (0.2.1)
  - ViewUtils (1.1.2)

DEPENDENCIES:
  - AFNetworking (~> 2.2)
  - Expecta
  - Mantle (~> 1.5)
  - NSDate-Time-Ago (~> 1.0)
  - OCMock
  - OHHTTPStubs
  - Specta
  - ViewUtils (~> 1.1)

SPEC CHECKSUMS:
  AFNetworking: ab63e259fe91eef4519b371ef0a4955af0e73e64
  Expecta: ce8a51b9fad15a2cd573b291cb2909aaed865350
  Mantle: c67a7e45e14196ed42b2a7cbb98ff6a9920e6b92
  NSDate-Time-Ago: d9e94ff379d7ab9d21f2c8ddf63078d87e60eef9
  OCMock: 6db79185520e24f9f299548f2b8b07e41d881bd5
  OHHTTPStubs: c1c2007839687eaf9b80f061ce84440515080ebb
  Specta: 9141310f46b1f68b676650ff2854e1ed0b74163a
  ViewUtils: 11aaceb3b215b3d051c2f00ae143133a71095365

COCOAPODS: 0.33.1
